
Microsoft Visual Studio Solution File, Format Version 12.00
# Visual Studio 15
VisualStudioVersion = 15.0.28307.136
MinimumVisualStudioVersion = 10.0.40219.1
Project("{151D2E53-A2C4-4D7D-83FE-D05416EBD58E}") = "b2blogicapp", "b2blogicapp\b2blogicapp.deployproj", "{E380D684-468E-4EDD-9B7A-D16AE50F8105}"
EndProject
Global
	GlobalSection(SolutionConfigurationPlatforms) = preSolution
		Debug|Any CPU = Debug|Any CPU
		Release|Any CPU = Release|Any CPU
	EndGlobalSection
	GlobalSection(ProjectConfigurationPlatforms) = postSolution
		{E380D684-468E-4EDD-9B7A-D16AE50F8105}.Debug|Any CPU.ActiveCfg = Debug|Any CPU
		{E380D684-468E-4EDD-9B7A-D16AE50F8105}.Debug|Any CPU.Build.0 = Debug|Any CPU
		{E380D684-468E-4EDD-9B7A-D16AE50F8105}.Release|Any CPU.ActiveCfg = Release|Any CPU
		{E380D684-468E-4EDD-9B7A-D16AE50F8105}.Release|Any CPU.Build.0 = Release|Any CPU
	EndGlobalSection
	GlobalSection(SolutionProperties) = preSolution
		HideSolutionNode = FALSE
	EndGlobalSection
	GlobalSection(ExtensibilityGlobals) = postSolution
		SolutionGuid = {C7581724-2591-46CE-8066-F1012D9CEB44}
	EndGlobalSection
EndGlobal
